// !$*UTF8*$!
{
	archiveVersion = 1;
	classes = {
	};
	objectVersion = 46;
	objects = {

/* Begin PBXBuildFile section */
		5CEEA0231675FABB00B04C34 /* UIKit.framework in Frameworks */ = {isa = PBXBuildFile; fileRef = 5CEEA0221675FABB00B04C34 /* UIKit.framework */; };
		5CEEA0251675FABB00B04C34 /* Foundation.framework in Frameworks */ = {isa = PBXBuildFile; fileRef = 5CEEA0241675FABB00B04C34 /* Foundation.framework */; };
		5CEEA0271675FABB00B04C34 /* CoreGraphics.framework in Frameworks */ = {isa = PBXBuildFile; fileRef = 5CEEA0261675FABB00B04C34 /* CoreGraphics.framework */; };
		5CEEA02D1675FABB00B04C34 /* InfoPlist.strings in Resources */ = {isa = PBXBuildFile; fileRef = 5CEEA02B1675FABB00B04C34 /* InfoPlist.strings */; };
		5CEEA02F1675FABB00B04C34 /* main.m in Sources */ = {isa = PBXBuildFile; fileRef = 5CEEA02E1675FABB00B04C34 /* main.m */; };
		5CEEA0331675FABB00B04C34 /* AppDelegate.m in Sources */ = {isa = PBXBuildFile; fileRef = 5CEEA0321675FABB00B04C34 /* AppDelegate.m */; };
		5CEEA0361675FABB00B04C34 /* FirstViewController.m in Sources */ = {isa = PBXBuildFile; fileRef = 5CEEA0351675FABB00B04C34 /* FirstViewController.m */; };
		5CEEA0381675FABB00B04C34 /* first.png in Resources */ = {isa = PBXBuildFile; fileRef = 5CEEA0371675FABB00B04C34 /* first.png */; };
		5CEEA03A1675FABB00B04C34 /* first@2x.png in Resources */ = {isa = PBXBuildFile; fileRef = 5CEEA0391675FABB00B04C34 /* first@2x.png */; };
		5CEEA03D1675FABB00B04C34 /* SecondViewController.m in Sources */ = {isa = PBXBuildFile; fileRef = 5CEEA03C1675FABB00B04C34 /* SecondViewController.m */; };
		5CEEA03F1675FABB00B04C34 /* second.png in Resources */ = {isa = PBXBuildFile; fileRef = 5CEEA03E1675FABB00B04C34 /* second.png */; };
		5CEEA0411675FABB00B04C34 /* second@2x.png in Resources */ = {isa = PBXBuildFile; fileRef = 5CEEA0401675FABB00B04C34 /* second@2x.png */; };
		5CEEA0441675FABC00B04C34 /* FirstViewController.xib in Resources */ = {isa = PBXBuildFile; fileRef = 5CEEA0421675FABC00B04C34 /* FirstViewController.xib */; };
		5CEEA0471675FABC00B04C34 /* SecondViewController.xib in Resources */ = {isa = PBXBuildFile; fileRef = 5CEEA0451675FABC00B04C34 /* SecondViewController.xib */; };
/* End PBXBuildFile section */

/* Begin PBXFileReference section */
		5CEEA01E1675FABB00B04C34 /* redkookie-Tab.app */ = {isa = PBXFileReference; explicitFileType = wrapper.application; includeInIndex = 0; path = "redkookie-Tab.app"; sourceTree = BUILT_PRODUCTS_DIR; };
		5CEEA0221675FABB00B04C34 /* UIKit.framework */ = {isa = PBXFileReference; lastKnownFileType = wrapper.framework; name = UIKit.framework; path = System/Library/Frameworks/UIKit.framework; sourceTree = SDKROOT; };
		5CEEA0241675FABB00B04C34 /* Foundation.framework */ = {isa = PBXFileReference; lastKnownFileType = wrapper.framework; name = Foundation.framework; path = System/Library/Frameworks/Foundation.framework; sourceTree = SDKROOT; };
		5CEEA0261675FABB00B04C34 /* CoreGraphics.framework */ = {isa = PBXFileReference; lastKnownFileType = wrapper.framework; name = CoreGraphics.framework; path = System/Library/Frameworks/CoreGraphics.framework; sourceTree = SDKROOT; };
		5CEEA02A1675FABB00B04C34 /* redkookie-Tab-Info.plist */ = {isa = PBXFileReference; path = "redkookie-Tab-Info.plist"; sourceTree = "<group>"; };
		5CEEA02C1675FABB00B04C34 /* en */ = {isa = PBXFileReference; lastKnownFileType = text.plist.strings; name = en; path = en.lproj/InfoPlist.strings; sourceTree = "<group>"; };
		5CEEA02E1675FABB00B04C34 /* main.m */ = {isa = PBXFileReference; lastKnownFileType = sourcecode.c.objc; path = main.m; sourceTree = "<group>"; };
		5CEEA0301675FABB00B04C34 /* redkookie-Tab-Prefix.pch */ = {isa = PBXFileReference; path = "redkookie-Tab-Prefix.pch"; sourceTree = "<group>"; };
		5CEEA0311675FABB00B04C34 /* AppDelegate.h */ = {isa = PBXFileReference; path = AppDelegate.h; sourceTree = "<group>"; };
		5CEEA0321675FABB00B04C34 /* AppDelegate.m */ = {isa = PBXFileReference; lastKnownFileType = sourcecode.c.objc; path = AppDelegate.m; sourceTree = "<group>"; };
		5CEEA0341675FABB00B04C34 /* FirstViewController.h */ = {isa = PBXFileReference; path = FirstViewController.h; sourceTree = "<group>"; };
		5CEEA0351675FABB00B04C34 /* FirstViewController.m */ = {isa = PBXFileReference; lastKnownFileType = sourcecode.c.objc; path = FirstViewController.m; sourceTree = "<group>"; };
		5CEEA0371675FABB00B04C34 /* first.png */ = {isa = PBXFileReference; lastKnownFileType = image.png; path = first.png; sourceTree = "<group>"; };
		5CEEA0391675FABB00B04C34 /* first@2x.png */ = {isa = PBXFileReference; lastKnownFileType = image.png; path = "first@2x.png"; sourceTree = "<group>"; };
		5CEEA03B1675FABB00B04C34 /* SecondViewController.h */ = {isa = PBXFileReference; path = SecondViewController.h; sourceTree = "<group>"; };
		5CEEA03C1675FABB00B04C34 /* SecondViewController.m */ = {isa = PBXFileReference; lastKnownFileType = sourcecode.c.objc; path = SecondViewController.m; sourceTree = "<group>"; };
		5CEEA03E1675FABB00B04C34 /* second.png */ = {isa = PBXFileReference; lastKnownFileType = image.png; path = second.png; sourceTree = "<group>"; };
		5CEEA0401675FABB00B04C34 /* second@2x.png */ = {isa = PBXFileReference; lastKnownFileType = image.png; path = "second@2x.png"; sourceTree = "<group>"; };
		5CEEA0431675FABC00B04C34 /* en */ = {isa = PBXFileReference; lastKnownFileType = file.xib; name = en; path = en.lproj/FirstViewController.xib; sourceTree = "<group>"; };
		5CEEA0461675FABC00B04C34 /* en */ = {isa = PBXFileReference; lastKnownFileType = file.xib; name = en; path = en.lproj/SecondViewController.xib; sourceTree = "<group>"; };
/* End PBXFileReference section */

/* Begin PBXFrameworksBuildPhase section */
		5CEEA01B1675FABB00B04C34 /* Frameworks */ = {
			isa = PBXFrameworksBuildPhase;
			buildActionMask = 2147483647;
			files = (
				5CEEA0231675FABB00B04C34 /* UIKit.framework in Frameworks */,
				5CEEA0251675FABB00B04C34 /* Foundation.framework in Frameworks */,
				5CEEA0271675FABB00B04C34 /* CoreGraphics.framework in Frameworks */,
			);
			runOnlyForDeploymentPostprocessing = 0;
		};
/* End PBXFrameworksBuildPhase section */

/* Begin PBXGroup section */
		5CEEA0131675FABB00B04C34 = {
			isa = PBXGroup;
			children = (
				5CEEA0281675FABB00B04C34 /* redkookie-Tab */,
				5CEEA0211675FABB00B04C34 /* Frameworks */,
				5CEEA01F1675FABB00B04C34 /* Products */,
			);
			sourceTree = "<group>";
		};
		5CEEA01F1675FABB00B04C34 /* Products */ = {
			isa = PBXGroup;
			children = (
				5CEEA01E1675FABB00B04C34 /* redkookie-Tab.app */,
			);
			name = Products;
			sourceTree = "<group>";
		};
		5CEEA0211675FABB00B04C34 /* Frameworks */ = {
			isa = PBXGroup;
			children = (
				5CEEA0221675FABB00B04C34 /* UIKit.framework */,
				5CEEA0241675FABB00B04C34 /* Foundation.framework */,
				5CEEA0261675FABB00B04C34 /* CoreGraphics.framework */,
			);
			name = Frameworks;
			sourceTree = "<group>";
		};
		5CEEA0281675FABB00B04C34 /* redkookie-Tab */ = {
			isa = PBXGroup;
			children = (
				5CEEA0311675FABB00B04C34 /* AppDelegate.h */,
				5CEEA0321675FABB00B04C34 /* AppDelegate.m */,
				5CEEA0341675FABB00B04C34 /* FirstViewController.h */,
				5CEEA0351675FABB00B04C34 /* FirstViewController.m */,
				5CEEA0371675FABB00B04C34 /* first.png */,
				5CEEA0391675FABB00B04C34 /* first@2x.png */,
				5CEEA03B1675FABB00B04C34 /* SecondViewController.h */,
				5CEEA03C1675FABB00B04C34 /* SecondViewController.m */,
				5CEEA03E1675FABB00B04C34 /* second.png */,
				5CEEA0401675FABB00B04C34 /* second@2x.png */,
				5CEEA0421675FABC00B04C34 /* FirstViewController.xib */,
				5CEEA0451675FABC00B04C34 /* SecondViewController.xib */,
				5CEEA0291675FABB00B04C34 /* Supporting Files */,
			);
			path = "redkookie-Tab";
			sourceTree = "<group>";
		};
		5CEEA0291675FABB00B04C34 /* Supporting Files */ = {
			isa = PBXGroup;
			children = (
				5CEEA02A1675FABB00B04C34 /* redkookie-Tab-Info.plist */,
				5CEEA02B1675FABB00B04C34 /* InfoPlist.strings */,
				5CEEA02E1675FABB00B04C34 /* main.m */,
				5CEEA0301675FABB00B04C34 /* redkookie-Tab-Prefix.pch */,
			);
			name = "Supporting Files";
			sourceTree = "<group>";
		};
/* End PBXGroup section */

/* Begin PBXNativeTarget section */
		5CEEA01D1675FABB00B04C34 /* redkookie-Tab */ = {
			isa = PBXNativeTarget;
			buildConfigurationList = 5CEEA04A1675FABC00B04C34 /* Build configuration list for PBXNativeTarget "redkookie-Tab" */;
			buildPhases = (
				5CEEA01A1675FABB00B04C34 /* Sources */,
				5CEEA01B1675FABB00B04C34 /* Frameworks */,
				5CEEA01C1675FABB00B04C34 /* Resources */,
			);
			buildRules = (
			);
			dependencies = (
			);
			name = "redkookie-Tab";
			productName = "redkookie-Tab";
			productReference = 5CEEA01E1675FABB00B04C34 /* redkookie-Tab.app */;
			productType = "com.apple.product-type.application";
		};
/* End PBXNativeTarget section */

/* Begin PBXProject section */
		5CEEA0151675FABB00B04C34 /* Project object */ = {
			isa = PBXProject;
			attributes = {
				LastUpgradeCheck = 0420;
				ORGANIZATIONNAME = AhnLab;
			};
			buildConfigurationList = 5CEEA0181675FABB00B04C34 /* Build configuration list for PBXProject "redkookie-Tab" */;
			compatibilityVersion = "Xcode 3.2";
			developmentRegion = English;
			hasScannedForEncodings = 0;
			knownRegions = (
				en,
			);
			mainGroup = 5CEEA0131675FABB00B04C34;
			productRefGroup = 5CEEA01F1675FABB00B04C34 /* Products */;
			projectDirPath = "";
			projectRoot = "";
			targets = (
				5CEEA01D1675FABB00B04C34 /* redkookie-Tab */,
			);
		};
/* End PBXProject section */

/* Begin PBXResourcesBuildPhase section */
		5CEEA01C1675FABB00B04C34 /* Resources */ = {
			isa = PBXResourcesBuildPhase;
			buildActionMask = 2147483647;
			files = (
				5CEEA02D1675FABB00B04C34 /* InfoPlist.strings in Resources */,
				5CEEA0381675FABB00B04C34 /* first.png in Resources */,
				5CEEA03A1675FABB00B04C34 /* first@2x.png in Resources */,
				5CEEA03F1675FABB00B04C34 /* second.png in Resources */,
				5CEEA0411675FABB00B04C34 /* second@2x.png in Resources */,
				5CEEA0441675FABC00B04C34 /* FirstViewController.xib in Resources */,
				5CEEA0471675FABC00B04C34 /* SecondViewController.xib in Resources */,
			);
			runOnlyForDeploymentPostprocessing = 0;
		};
/* End PBXResourcesBuildPhase section */

/* Begin PBXSourcesBuildPhase section */
		5CEEA01A1675FABB00B04C34 /* Sources */ = {
			isa = PBXSourcesBuildPhase;
			buildActionMask = 2147483647;
			files = (
				5CEEA02F1675FABB00B04C34 /* main.m in Sources */,
				5CEEA0331675FABB00B04C34 /* AppDelegate.m in Sources */,
				5CEEA0361675FABB00B04C34 /* FirstViewController.m in Sources */,
				5CEEA03D1675FABB00B04C34 /* SecondViewController.m in Sources */,
			);
			runOnlyForDeploymentPostprocessing = 0;
		};
/* End PBXSourcesBuildPhase section */

/* Begin PBXVariantGroup section */
		5CEEA02B1675FABB00B04C34 /* InfoPlist.strings */ = {
			isa = PBXVariantGroup;
			children = (
				5CEEA02C1675FABB00B04C34 /* en */,
			);
			name = InfoPlist.strings;
			sourceTree = "<group>";
		};
		5CEEA0421675FABC00B04C34 /* FirstViewController.xib */ = {
			isa = PBXVariantGroup;
			children = (
				5CEEA0431675FABC00B04C34 /* en */,
			);
			name = FirstViewController.xib;
			sourceTree = "<group>";
		};
		5CEEA0451675FABC00B04C34 /* SecondViewController.xib */ = {
			isa = PBXVariantGroup;
			children = (
				5CEEA0461675FABC00B04C34 /* en */,
			);
			name = SecondViewController.xib;
			sourceTree = "<group>";
		};
/* End PBXVariantGroup section */

/* Begin XCBuildConfiguration section */
		5CEEA0481675FABC00B04C34 /* Debug */ = {
			isa = XCBuildConfiguration;
			buildSettings = {
				ALWAYS_SEARCH_USER_PATHS = NO;
				ARCHS = "$(ARCHS_STANDARD_32_BIT)";
				CLANG_ENABLE_OBJC_ARC = YES;
				"CODE_SIGN_IDENTITY[sdk=iphoneos*]" = "iPhone Developer";
				COPY_PHASE_STRIP = NO;
				GCC_C_LANGUAGE_STANDARD = gnu99;
				GCC_DYNAMIC_NO_PIC = NO;
				GCC_OPTIMIZATION_LEVEL = 0;
				GCC_PREPROCESSOR_DEFINITIONS = (
					"DEBUG=1",
					"$(inherited)",
				);
				GCC_SYMBOLS_PRIVATE_EXTERN = NO;
				GCC_VERSION = com.apple.compilers.llvm.clang.1_0;
				GCC_WARN_ABOUT_MISSING_PROTOTYPES = YES;
				GCC_WARN_ABOUT_RETURN_TYPE = YES;
				GCC_WARN_UNUSED_VARIABLE = YES;
				IPHONEOS_DEPLOYMENT_TARGET = 5.1;
				SDKROOT = iphoneos;
			};
			name = Debug;
		};
		5CEEA0491675FABC00B04C34 /* Release */ = {
			isa = XCBuildConfiguration;
			buildSettings = {
				ALWAYS_SEARCH_USER_PATHS = NO;
				ARCHS = "$(ARCHS_STANDARD_32_BIT)";
				CLANG_ENABLE_OBJC_ARC = YES;
				"CODE_SIGN_IDENTITY[sdk=iphoneos*]" = "iPhone Developer";
				COPY_PHASE_STRIP = YES;
				GCC_C_LANGUAGE_STANDARD = gnu99;
				GCC_VERSION = com.apple.compilers.llvm.clang.1_0;
				GCC_WARN_ABOUT_MISSING_PROTOTYPES = YES;
				GCC_WARN_ABOUT_RETURN_TYPE = YES;
				GCC_WARN_UNUSED_VARIABLE = YES;
				IPHONEOS_DEPLOYMENT_TARGET = 5.1;
				OTHER_CFLAGS = "-DNS_BLOCK_ASSERTIONS=1";
				SDKROOT = iphoneos;
				VALIDATE_PRODUCT = YES;
			};
			name = Release;
		};
		5CEEA04B1675FABC00B04C34 /* Debug */ = {
			isa = XCBuildConfiguration;
			buildSettings = {
				GCC_PRECOMPILE_PREFIX_HEADER = YES;
				GCC_PREFIX_HEADER = "redkookie-Tab/redkookie-Tab-Prefix.pch";
				INFOPLIST_FILE = "redkookie-Tab/redkookie-Tab-Info.plist";
				PRODUCT_NAME = "$(TARGET_NAME)";
				WRAPPER_EXTENSION = app;
			};
			name = Debug;
		};
		5CEEA04C1675FABC00B04C34 /* Release */ = {
			isa = XCBuildConfiguration;
			buildSettings = {
				GCC_PRECOMPILE_PREFIX_HEADER = YES;
				GCC_PREFIX_HEADER = "redkookie-Tab/redkookie-Tab-Prefix.pch";
				INFOPLIST_FILE = "redkookie-Tab/redkookie-Tab-Info.plist";
				PRODUCT_NAME = "$(TARGET_NAME)";
				WRAPPER_EXTENSION = app;
			};
			name = Release;
		};
/* End XCBuildConfiguration section */

/* Begin XCConfigurationList section */
		5CEEA0181675FABB00B04C34 /* Build configuration list for PBXProject "redkookie-Tab" */ = {
			isa = XCConfigurationList;
			buildConfigurations = (
				5CEEA0481675FABC00B04C34 /* Debug */,
				5CEEA0491675FABC00B04C34 /* Release */,
			);
			defaultConfigurationIsVisible = 0;
			defaultConfigurationName = Release;
		};
		5CEEA04A1675FABC00B04C34 /* Build configuration list for PBXNativeTarget "redkookie-Tab" */ = {
			isa = XCConfigurationList;
			buildConfigurations = (
				5CEEA04B1675FABC00B04C34 /* Debug */,
				5CEEA04C1675FABC00B04C34 /* Release */,
			);
			defaultConfigurationIsVisible = 0;
		};
/* End XCConfigurationList section */
	};
	rootObject = 5CEEA0151675FABB00B04C34 /* Project object */;
}
