// !$*UTF8*$!
{
	archiveVersion = 1;
	classes = {
	};
	objectVersion = 46;
	objects = {

/* Begin PBXBuildFile section */
		5CAC7E6B16887340001BA82A /* UIKit.framework in Frameworks */ = {isa = PBXBuildFile; fileRef = 5CAC7E6A16887340001BA82A /* UIKit.framework */; };
		5CAC7E6D16887340001BA82A /* Foundation.framework in Frameworks */ = {isa = PBXBuildFile; fileRef = 5CAC7E6C16887340001BA82A /* Foundation.framework */; };
		5CAC7E6F16887340001BA82A /* CoreGraphics.framework in Frameworks */ = {isa = PBXBuildFile; fileRef = 5CAC7E6E16887340001BA82A /* CoreGraphics.framework */; };
		5CAC7E7516887340001BA82A /* InfoPlist.strings in Resources */ = {isa = PBXBuildFile; fileRef = 5CAC7E7316887340001BA82A /* InfoPlist.strings */; };
		5CAC7E7716887340001BA82A /* main.m in Sources */ = {isa = PBXBuildFile; fileRef = 5CAC7E7616887340001BA82A /* main.m */; };
		5CAC7E7B16887340001BA82A /* AppDelegate.m in Sources */ = {isa = PBXBuildFile; fileRef = 5CAC7E7A16887340001BA82A /* AppDelegate.m */; };
		5CAC7E7E16887340001BA82A /* MasterViewController.m in Sources */ = {isa = PBXBuildFile; fileRef = 5CAC7E7D16887340001BA82A /* MasterViewController.m */; };
		5CAC7E8116887340001BA82A /* DetailViewController.m in Sources */ = {isa = PBXBuildFile; fileRef = 5CAC7E8016887340001BA82A /* DetailViewController.m */; };
		5CAC7E8416887340001BA82A /* MasterViewController.xib in Resources */ = {isa = PBXBuildFile; fileRef = 5CAC7E8216887340001BA82A /* MasterViewController.xib */; };
		5CAC7E8716887340001BA82A /* DetailViewController.xib in Resources */ = {isa = PBXBuildFile; fileRef = 5CAC7E8516887340001BA82A /* DetailViewController.xib */; };
		5CAC7E8F16887516001BA82A /* MyCustomCell.m in Sources */ = {isa = PBXBuildFile; fileRef = 5CAC7E8E16887516001BA82A /* MyCustomCell.m */; };
		5CAC7E9116887626001BA82A /* MyCustomCell.xib in Resources */ = {isa = PBXBuildFile; fileRef = 5CAC7E9016887626001BA82A /* MyCustomCell.xib */; };
		5CAC7E9616887ACE001BA82A /* 1.png in Resources */ = {isa = PBXBuildFile; fileRef = 5CAC7E9216887ACE001BA82A /* 1.png */; };
		5CAC7E9716887ACE001BA82A /* 2.png in Resources */ = {isa = PBXBuildFile; fileRef = 5CAC7E9316887ACE001BA82A /* 2.png */; };
		5CAC7E9816887ACE001BA82A /* 3.png in Resources */ = {isa = PBXBuildFile; fileRef = 5CAC7E9416887ACE001BA82A /* 3.png */; };
		5CAC7E9916887ACE001BA82A /* 4.png in Resources */ = {isa = PBXBuildFile; fileRef = 5CAC7E9516887ACE001BA82A /* 4.png */; };
/* End PBXBuildFile section */

/* Begin PBXFileReference section */
		5CAC7E6616887340001BA82A /* redkookie-CustomCell.app */ = {isa = PBXFileReference; explicitFileType = wrapper.application; includeInIndex = 0; path = "redkookie-CustomCell.app"; sourceTree = BUILT_PRODUCTS_DIR; };
		5CAC7E6A16887340001BA82A /* UIKit.framework */ = {isa = PBXFileReference; lastKnownFileType = wrapper.framework; name = UIKit.framework; path = System/Library/Frameworks/UIKit.framework; sourceTree = SDKROOT; };
		5CAC7E6C16887340001BA82A /* Foundation.framework */ = {isa = PBXFileReference; lastKnownFileType = wrapper.framework; name = Foundation.framework; path = System/Library/Frameworks/Foundation.framework; sourceTree = SDKROOT; };
		5CAC7E6E16887340001BA82A /* CoreGraphics.framework */ = {isa = PBXFileReference; lastKnownFileType = wrapper.framework; name = CoreGraphics.framework; path = System/Library/Frameworks/CoreGraphics.framework; sourceTree = SDKROOT; };
		5CAC7E7216887340001BA82A /* redkookie-CustomCell-Info.plist */ = {isa = PBXFileReference; lastKnownFileType = text.plist.xml; path = "redkookie-CustomCell-Info.plist"; sourceTree = "<group>"; };
		5CAC7E7416887340001BA82A /* en */ = {isa = PBXFileReference; lastKnownFileType = text.plist.strings; name = en; path = en.lproj/InfoPlist.strings; sourceTree = "<group>"; };
		5CAC7E7616887340001BA82A /* main.m */ = {isa = PBXFileReference; lastKnownFileType = sourcecode.c.objc; path = main.m; sourceTree = "<group>"; };
		5CAC7E7816887340001BA82A /* redkookie-CustomCell-Prefix.pch */ = {isa = PBXFileReference; lastKnownFileType = sourcecode.c.h; path = "redkookie-CustomCell-Prefix.pch"; sourceTree = "<group>"; };
		5CAC7E7916887340001BA82A /* AppDelegate.h */ = {isa = PBXFileReference; lastKnownFileType = sourcecode.c.h; path = AppDelegate.h; sourceTree = "<group>"; };
		5CAC7E7A16887340001BA82A /* AppDelegate.m */ = {isa = PBXFileReference; lastKnownFileType = sourcecode.c.objc; path = AppDelegate.m; sourceTree = "<group>"; };
		5CAC7E7C16887340001BA82A /* MasterViewController.h */ = {isa = PBXFileReference; lastKnownFileType = sourcecode.c.h; path = MasterViewController.h; sourceTree = "<group>"; };
		5CAC7E7D16887340001BA82A /* MasterViewController.m */ = {isa = PBXFileReference; lastKnownFileType = sourcecode.c.objc; path = MasterViewController.m; sourceTree = "<group>"; };
		5CAC7E7F16887340001BA82A /* DetailViewController.h */ = {isa = PBXFileReference; lastKnownFileType = sourcecode.c.h; path = DetailViewController.h; sourceTree = "<group>"; };
		5CAC7E8016887340001BA82A /* DetailViewController.m */ = {isa = PBXFileReference; lastKnownFileType = sourcecode.c.objc; path = DetailViewController.m; sourceTree = "<group>"; };
		5CAC7E8316887340001BA82A /* en */ = {isa = PBXFileReference; lastKnownFileType = file.xib; name = en; path = en.lproj/MasterViewController.xib; sourceTree = "<group>"; };
		5CAC7E8616887340001BA82A /* en */ = {isa = PBXFileReference; lastKnownFileType = file.xib; name = en; path = en.lproj/DetailViewController.xib; sourceTree = "<group>"; };
		5CAC7E8D16887516001BA82A /* MyCustomCell.h */ = {isa = PBXFileReference; fileEncoding = 4; lastKnownFileType = sourcecode.c.h; path = MyCustomCell.h; sourceTree = "<group>"; };
		5CAC7E8E16887516001BA82A /* MyCustomCell.m */ = {isa = PBXFileReference; fileEncoding = 4; lastKnownFileType = sourcecode.c.objc; path = MyCustomCell.m; sourceTree = "<group>"; };
		5CAC7E9016887626001BA82A /* MyCustomCell.xib */ = {isa = PBXFileReference; fileEncoding = 4; lastKnownFileType = file.xib; path = MyCustomCell.xib; sourceTree = "<group>"; };
		5CAC7E9216887ACE001BA82A /* 1.png */ = {isa = PBXFileReference; lastKnownFileType = image.png; path = 1.png; sourceTree = "<group>"; };
		5CAC7E9316887ACE001BA82A /* 2.png */ = {isa = PBXFileReference; lastKnownFileType = image.png; path = 2.png; sourceTree = "<group>"; };
		5CAC7E9416887ACE001BA82A /* 3.png */ = {isa = PBXFileReference; lastKnownFileType = image.png; path = 3.png; sourceTree = "<group>"; };
		5CAC7E9516887ACE001BA82A /* 4.png */ = {isa = PBXFileReference; lastKnownFileType = image.png; path = 4.png; sourceTree = "<group>"; };
/* End PBXFileReference section */

/* Begin PBXFrameworksBuildPhase section */
		5CAC7E6316887340001BA82A /* Frameworks */ = {
			isa = PBXFrameworksBuildPhase;
			buildActionMask = 2147483647;
			files = (
				5CAC7E6B16887340001BA82A /* UIKit.framework in Frameworks */,
				5CAC7E6D16887340001BA82A /* Foundation.framework in Frameworks */,
				5CAC7E6F16887340001BA82A /* CoreGraphics.framework in Frameworks */,
			);
			runOnlyForDeploymentPostprocessing = 0;
		};
/* End PBXFrameworksBuildPhase section */

/* Begin PBXGroup section */
		5CAC7E5B16887340001BA82A = {
			isa = PBXGroup;
			children = (
				5CAC7E7016887340001BA82A /* redkookie-CustomCell */,
				5CAC7E6916887340001BA82A /* Frameworks */,
				5CAC7E6716887340001BA82A /* Products */,
			);
			sourceTree = "<group>";
		};
		5CAC7E6716887340001BA82A /* Products */ = {
			isa = PBXGroup;
			children = (
				5CAC7E6616887340001BA82A /* redkookie-CustomCell.app */,
			);
			name = Products;
			sourceTree = "<group>";
		};
		5CAC7E6916887340001BA82A /* Frameworks */ = {
			isa = PBXGroup;
			children = (
				5CAC7E6A16887340001BA82A /* UIKit.framework */,
				5CAC7E6C16887340001BA82A /* Foundation.framework */,
				5CAC7E6E16887340001BA82A /* CoreGraphics.framework */,
			);
			name = Frameworks;
			sourceTree = "<group>";
		};
		5CAC7E7016887340001BA82A /* redkookie-CustomCell */ = {
			isa = PBXGroup;
			children = (
				5CAC7E9216887ACE001BA82A /* 1.png */,
				5CAC7E9316887ACE001BA82A /* 2.png */,
				5CAC7E9416887ACE001BA82A /* 3.png */,
				5CAC7E9516887ACE001BA82A /* 4.png */,
				5CAC7E7916887340001BA82A /* AppDelegate.h */,
				5CAC7E7A16887340001BA82A /* AppDelegate.m */,
				5CAC7E7C16887340001BA82A /* MasterViewController.h */,
				5CAC7E7D16887340001BA82A /* MasterViewController.m */,
				5CAC7E7F16887340001BA82A /* DetailViewController.h */,
				5CAC7E8016887340001BA82A /* DetailViewController.m */,
				5CAC7E8216887340001BA82A /* MasterViewController.xib */,
				5CAC7E8516887340001BA82A /* DetailViewController.xib */,
				5CAC7E7116887340001BA82A /* Supporting Files */,
				5CAC7E8D16887516001BA82A /* MyCustomCell.h */,
				5CAC7E8E16887516001BA82A /* MyCustomCell.m */,
				5CAC7E9016887626001BA82A /* MyCustomCell.xib */,
			);
			path = "redkookie-CustomCell";
			sourceTree = "<group>";
		};
		5CAC7E7116887340001BA82A /* Supporting Files */ = {
			isa = PBXGroup;
			children = (
				5CAC7E7216887340001BA82A /* redkookie-CustomCell-Info.plist */,
				5CAC7E7316887340001BA82A /* InfoPlist.strings */,
				5CAC7E7616887340001BA82A /* main.m */,
				5CAC7E7816887340001BA82A /* redkookie-CustomCell-Prefix.pch */,
			);
			name = "Supporting Files";
			sourceTree = "<group>";
		};
/* End PBXGroup section */

/* Begin PBXNativeTarget section */
		5CAC7E6516887340001BA82A /* redkookie-CustomCell */ = {
			isa = PBXNativeTarget;
			buildConfigurationList = 5CAC7E8A16887340001BA82A /* Build configuration list for PBXNativeTarget "redkookie-CustomCell" */;
			buildPhases = (
				5CAC7E6216887340001BA82A /* Sources */,
				5CAC7E6316887340001BA82A /* Frameworks */,
				5CAC7E6416887340001BA82A /* Resources */,
			);
			buildRules = (
			);
			dependencies = (
			);
			name = "redkookie-CustomCell";
			productName = "redkookie-CustomCell";
			productReference = 5CAC7E6616887340001BA82A /* redkookie-CustomCell.app */;
			productType = "com.apple.product-type.application";
		};
/* End PBXNativeTarget section */

/* Begin PBXProject section */
		5CAC7E5D16887340001BA82A /* Project object */ = {
			isa = PBXProject;
			attributes = {
				LastUpgradeCheck = 0420;
				ORGANIZATIONNAME = AhnLab;
			};
			buildConfigurationList = 5CAC7E6016887340001BA82A /* Build configuration list for PBXProject "redkookie-CustomCell" */;
			compatibilityVersion = "Xcode 3.2";
			developmentRegion = English;
			hasScannedForEncodings = 0;
			knownRegions = (
				en,
			);
			mainGroup = 5CAC7E5B16887340001BA82A;
			productRefGroup = 5CAC7E6716887340001BA82A /* Products */;
			projectDirPath = "";
			projectRoot = "";
			targets = (
				5CAC7E6516887340001BA82A /* redkookie-CustomCell */,
			);
		};
/* End PBXProject section */

/* Begin PBXResourcesBuildPhase section */
		5CAC7E6416887340001BA82A /* Resources */ = {
			isa = PBXResourcesBuildPhase;
			buildActionMask = 2147483647;
			files = (
				5CAC7E7516887340001BA82A /* InfoPlist.strings in Resources */,
				5CAC7E8416887340001BA82A /* MasterViewController.xib in Resources */,
				5CAC7E8716887340001BA82A /* DetailViewController.xib in Resources */,
				5CAC7E9116887626001BA82A /* MyCustomCell.xib in Resources */,
				5CAC7E9616887ACE001BA82A /* 1.png in Resources */,
				5CAC7E9716887ACE001BA82A /* 2.png in Resources */,
				5CAC7E9816887ACE001BA82A /* 3.png in Resources */,
				5CAC7E9916887ACE001BA82A /* 4.png in Resources */,
			);
			runOnlyForDeploymentPostprocessing = 0;
		};
/* End PBXResourcesBuildPhase section */

/* Begin PBXSourcesBuildPhase section */
		5CAC7E6216887340001BA82A /* Sources */ = {
			isa = PBXSourcesBuildPhase;
			buildActionMask = 2147483647;
			files = (
				5CAC7E7716887340001BA82A /* main.m in Sources */,
				5CAC7E7B16887340001BA82A /* AppDelegate.m in Sources */,
				5CAC7E7E16887340001BA82A /* MasterViewController.m in Sources */,
				5CAC7E8116887340001BA82A /* DetailViewController.m in Sources */,
				5CAC7E8F16887516001BA82A /* MyCustomCell.m in Sources */,
			);
			runOnlyForDeploymentPostprocessing = 0;
		};
/* End PBXSourcesBuildPhase section */

/* Begin PBXVariantGroup section */
		5CAC7E7316887340001BA82A /* InfoPlist.strings */ = {
			isa = PBXVariantGroup;
			children = (
				5CAC7E7416887340001BA82A /* en */,
			);
			name = InfoPlist.strings;
			sourceTree = "<group>";
		};
		5CAC7E8216887340001BA82A /* MasterViewController.xib */ = {
			isa = PBXVariantGroup;
			children = (
				5CAC7E8316887340001BA82A /* en */,
			);
			name = MasterViewController.xib;
			sourceTree = "<group>";
		};
		5CAC7E8516887340001BA82A /* DetailViewController.xib */ = {
			isa = PBXVariantGroup;
			children = (
				5CAC7E8616887340001BA82A /* en */,
			);
			name = DetailViewController.xib;
			sourceTree = "<group>";
		};
/* End PBXVariantGroup section */

/* Begin XCBuildConfiguration section */
		5CAC7E8816887340001BA82A /* Debug */ = {
			isa = XCBuildConfiguration;
			buildSettings = {
				ALWAYS_SEARCH_USER_PATHS = NO;
				ARCHS = "$(ARCHS_STANDARD_32_BIT)";
				CLANG_ENABLE_OBJC_ARC = YES;
				"CODE_SIGN_IDENTITY[sdk=iphoneos*]" = "iPhone Developer";
				COPY_PHASE_STRIP = NO;
				GCC_C_LANGUAGE_STANDARD = gnu99;
				GCC_DYNAMIC_NO_PIC = NO;
				GCC_OPTIMIZATION_LEVEL = 0;
				GCC_PREPROCESSOR_DEFINITIONS = (
					"DEBUG=1",
					"$(inherited)",
				);
				GCC_SYMBOLS_PRIVATE_EXTERN = NO;
				GCC_VERSION = com.apple.compilers.llvm.clang.1_0;
				GCC_WARN_ABOUT_MISSING_PROTOTYPES = YES;
				GCC_WARN_ABOUT_RETURN_TYPE = YES;
				GCC_WARN_UNUSED_VARIABLE = YES;
				IPHONEOS_DEPLOYMENT_TARGET = 5.1;
				SDKROOT = iphoneos;
			};
			name = Debug;
		};
		5CAC7E8916887340001BA82A /* Release */ = {
			isa = XCBuildConfiguration;
			buildSettings = {
				ALWAYS_SEARCH_USER_PATHS = NO;
				ARCHS = "$(ARCHS_STANDARD_32_BIT)";
				CLANG_ENABLE_OBJC_ARC = YES;
				"CODE_SIGN_IDENTITY[sdk=iphoneos*]" = "iPhone Developer";
				COPY_PHASE_STRIP = YES;
				GCC_C_LANGUAGE_STANDARD = gnu99;
				GCC_VERSION = com.apple.compilers.llvm.clang.1_0;
				GCC_WARN_ABOUT_MISSING_PROTOTYPES = YES;
				GCC_WARN_ABOUT_RETURN_TYPE = YES;
				GCC_WARN_UNUSED_VARIABLE = YES;
				IPHONEOS_DEPLOYMENT_TARGET = 5.1;
				OTHER_CFLAGS = "-DNS_BLOCK_ASSERTIONS=1";
				SDKROOT = iphoneos;
				VALIDATE_PRODUCT = YES;
			};
			name = Release;
		};
		5CAC7E8B16887340001BA82A /* Debug */ = {
			isa = XCBuildConfiguration;
			buildSettings = {
				GCC_PRECOMPILE_PREFIX_HEADER = YES;
				GCC_PREFIX_HEADER = "redkookie-CustomCell/redkookie-CustomCell-Prefix.pch";
				INFOPLIST_FILE = "redkookie-CustomCell/redkookie-CustomCell-Info.plist";
				PRODUCT_NAME = "$(TARGET_NAME)";
				WRAPPER_EXTENSION = app;
			};
			name = Debug;
		};
		5CAC7E8C16887340001BA82A /* Release */ = {
			isa = XCBuildConfiguration;
			buildSettings = {
				GCC_PRECOMPILE_PREFIX_HEADER = YES;
				GCC_PREFIX_HEADER = "redkookie-CustomCell/redkookie-CustomCell-Prefix.pch";
				INFOPLIST_FILE = "redkookie-CustomCell/redkookie-CustomCell-Info.plist";
				PRODUCT_NAME = "$(TARGET_NAME)";
				WRAPPER_EXTENSION = app;
			};
			name = Release;
		};
/* End XCBuildConfiguration section */

/* Begin XCConfigurationList section */
		5CAC7E6016887340001BA82A /* Build configuration list for PBXProject "redkookie-CustomCell" */ = {
			isa = XCConfigurationList;
			buildConfigurations = (
				5CAC7E8816887340001BA82A /* Debug */,
				5CAC7E8916887340001BA82A /* Release */,
			);
			defaultConfigurationIsVisible = 0;
			defaultConfigurationName = Release;
		};
		5CAC7E8A16887340001BA82A /* Build configuration list for PBXNativeTarget "redkookie-CustomCell" */ = {
			isa = XCConfigurationList;
			buildConfigurations = (
				5CAC7E8B16887340001BA82A /* Debug */,
				5CAC7E8C16887340001BA82A /* Release */,
			);
			defaultConfigurationIsVisible = 0;
		};
/* End XCConfigurationList section */
	};
	rootObject = 5CAC7E5D16887340001BA82A /* Project object */;
}
