// !$*UTF8*$!
{
	archiveVersion = 1;
	classes = {
	};
	objectVersion = 46;
	objects = {

/* Begin PBXBuildFile section */
		2D66EEE6168F610400A760BE /* PlayerCell.m in Sources */ = {isa = PBXBuildFile; fileRef = 2D66EEE5168F610400A760BE /* PlayerCell.m */; };
		2DB1A2F816906F40004B27EB /* GamePickerViewController.m in Sources */ = {isa = PBXBuildFile; fileRef = 2DB1A2F716906F40004B27EB /* GamePickerViewController.m */; };
		2DB1A2FD16907440004B27EB /* PlayerDetailsViewController.m in Sources */ = {isa = PBXBuildFile; fileRef = 2DB1A2FC16907440004B27EB /* PlayerDetailsViewController.m */; };
		E1147A68168F492000A65531 /* UIKit.framework in Frameworks */ = {isa = PBXBuildFile; fileRef = E1147A67168F492000A65531 /* UIKit.framework */; };
		E1147A6A168F492000A65531 /* Foundation.framework in Frameworks */ = {isa = PBXBuildFile; fileRef = E1147A69168F492000A65531 /* Foundation.framework */; };
		E1147A6C168F492000A65531 /* CoreGraphics.framework in Frameworks */ = {isa = PBXBuildFile; fileRef = E1147A6B168F492000A65531 /* CoreGraphics.framework */; };
		E1147A72168F492000A65531 /* InfoPlist.strings in Resources */ = {isa = PBXBuildFile; fileRef = E1147A70168F492000A65531 /* InfoPlist.strings */; };
		E1147A74168F492000A65531 /* main.m in Sources */ = {isa = PBXBuildFile; fileRef = E1147A73168F492000A65531 /* main.m */; };
		E1147A78168F492000A65531 /* AppDelegate.m in Sources */ = {isa = PBXBuildFile; fileRef = E1147A77168F492000A65531 /* AppDelegate.m */; };
		E1147A7A168F492000A65531 /* Default.png in Resources */ = {isa = PBXBuildFile; fileRef = E1147A79168F492000A65531 /* Default.png */; };
		E1147A7C168F492000A65531 /* Default@2x.png in Resources */ = {isa = PBXBuildFile; fileRef = E1147A7B168F492000A65531 /* Default@2x.png */; };
		E1147A7E168F492000A65531 /* Default-568h@2x.png in Resources */ = {isa = PBXBuildFile; fileRef = E1147A7D168F492000A65531 /* Default-568h@2x.png */; };
		E1147A81168F492000A65531 /* MainStoryboard.storyboard in Resources */ = {isa = PBXBuildFile; fileRef = E1147A7F168F492000A65531 /* MainStoryboard.storyboard */; };
		E1147A84168F492000A65531 /* ViewController.m in Sources */ = {isa = PBXBuildFile; fileRef = E1147A83168F492000A65531 /* ViewController.m */; };
		E1F27DD1168F4E8E008FB036 /* 1Star.png in Resources */ = {isa = PBXBuildFile; fileRef = E1F27DB9168F4E8E008FB036 /* 1Star.png */; };
		E1F27DD2168F4E8E008FB036 /* 1Star@2x.png in Resources */ = {isa = PBXBuildFile; fileRef = E1F27DBA168F4E8E008FB036 /* 1Star@2x.png */; };
		E1F27DD3168F4E8E008FB036 /* 1StarSmall.png in Resources */ = {isa = PBXBuildFile; fileRef = E1F27DBB168F4E8E008FB036 /* 1StarSmall.png */; };
		E1F27DD4168F4E8E008FB036 /* 1StarSmall@2x.png in Resources */ = {isa = PBXBuildFile; fileRef = E1F27DBC168F4E8E008FB036 /* 1StarSmall@2x.png */; };
		E1F27DD5168F4E8E008FB036 /* 2Stars.png in Resources */ = {isa = PBXBuildFile; fileRef = E1F27DBD168F4E8E008FB036 /* 2Stars.png */; };
		E1F27DD6168F4E8E008FB036 /* 2Stars@2x.png in Resources */ = {isa = PBXBuildFile; fileRef = E1F27DBE168F4E8E008FB036 /* 2Stars@2x.png */; };
		E1F27DD7168F4E8E008FB036 /* 2StarsSmall.png in Resources */ = {isa = PBXBuildFile; fileRef = E1F27DBF168F4E8E008FB036 /* 2StarsSmall.png */; };
		E1F27DD8168F4E8E008FB036 /* 2StarsSmall@2x.png in Resources */ = {isa = PBXBuildFile; fileRef = E1F27DC0168F4E8E008FB036 /* 2StarsSmall@2x.png */; };
		E1F27DD9168F4E8E008FB036 /* 3Stars.png in Resources */ = {isa = PBXBuildFile; fileRef = E1F27DC1168F4E8E008FB036 /* 3Stars.png */; };
		E1F27DDA168F4E8E008FB036 /* 3Stars@2x.png in Resources */ = {isa = PBXBuildFile; fileRef = E1F27DC2168F4E8E008FB036 /* 3Stars@2x.png */; };
		E1F27DDB168F4E8E008FB036 /* 3StarsSmall.png in Resources */ = {isa = PBXBuildFile; fileRef = E1F27DC3168F4E8E008FB036 /* 3StarsSmall.png */; };
		E1F27DDC168F4E8E008FB036 /* 3StarsSmall@2x.png in Resources */ = {isa = PBXBuildFile; fileRef = E1F27DC4168F4E8E008FB036 /* 3StarsSmall@2x.png */; };
		E1F27DDD168F4E8E008FB036 /* 4Stars.png in Resources */ = {isa = PBXBuildFile; fileRef = E1F27DC5168F4E8E008FB036 /* 4Stars.png */; };
		E1F27DDE168F4E8E008FB036 /* 4Stars@2x.png in Resources */ = {isa = PBXBuildFile; fileRef = E1F27DC6168F4E8E008FB036 /* 4Stars@2x.png */; };
		E1F27DDF168F4E8E008FB036 /* 4StarsSmall.png in Resources */ = {isa = PBXBuildFile; fileRef = E1F27DC7168F4E8E008FB036 /* 4StarsSmall.png */; };
		E1F27DE0168F4E8E008FB036 /* 4StarsSmall@2x.png in Resources */ = {isa = PBXBuildFile; fileRef = E1F27DC8168F4E8E008FB036 /* 4StarsSmall@2x.png */; };
		E1F27DE1168F4E8E008FB036 /* 5Stars.png in Resources */ = {isa = PBXBuildFile; fileRef = E1F27DC9168F4E8E008FB036 /* 5Stars.png */; };
		E1F27DE2168F4E8E008FB036 /* 5Stars@2x.png in Resources */ = {isa = PBXBuildFile; fileRef = E1F27DCA168F4E8E008FB036 /* 5Stars@2x.png */; };
		E1F27DE3168F4E8E008FB036 /* 5StarsSmall.png in Resources */ = {isa = PBXBuildFile; fileRef = E1F27DCB168F4E8E008FB036 /* 5StarsSmall.png */; };
		E1F27DE4168F4E8E008FB036 /* 5StarsSmall@2x.png in Resources */ = {isa = PBXBuildFile; fileRef = E1F27DCC168F4E8E008FB036 /* 5StarsSmall@2x.png */; };
		E1F27DE5168F4E8E008FB036 /* Gestures.png in Resources */ = {isa = PBXBuildFile; fileRef = E1F27DCD168F4E8E008FB036 /* Gestures.png */; };
		E1F27DE6168F4E8E008FB036 /* Gestures@2x.png in Resources */ = {isa = PBXBuildFile; fileRef = E1F27DCE168F4E8E008FB036 /* Gestures@2x.png */; };
		E1F27DE7168F4E8E008FB036 /* Players.png in Resources */ = {isa = PBXBuildFile; fileRef = E1F27DCF168F4E8E008FB036 /* Players.png */; };
		E1F27DE8168F4E8E008FB036 /* Players@2x.png in Resources */ = {isa = PBXBuildFile; fileRef = E1F27DD0168F4E8E008FB036 /* Players@2x.png */; };
		E1F27DEC168F5196008FB036 /* PlayersViewController.m in Sources */ = {isa = PBXBuildFile; fileRef = E1F27DEB168F5196008FB036 /* PlayersViewController.m */; };
		E1F27DEF168F5264008FB036 /* Player.m in Sources */ = {isa = PBXBuildFile; fileRef = E1F27DEE168F5264008FB036 /* Player.m */; };
/* End PBXBuildFile section */

/* Begin PBXFileReference section */
		2D66EEE4168F610400A760BE /* PlayerCell.h */ = {isa = PBXFileReference; fileEncoding = 4; lastKnownFileType = sourcecode.c.h; path = PlayerCell.h; sourceTree = "<group>"; };
		2D66EEE5168F610400A760BE /* PlayerCell.m */ = {isa = PBXFileReference; fileEncoding = 4; lastKnownFileType = sourcecode.c.objc; path = PlayerCell.m; sourceTree = "<group>"; };
		2DB1A2F616906F40004B27EB /* GamePickerViewController.h */ = {isa = PBXFileReference; fileEncoding = 4; lastKnownFileType = sourcecode.c.h; path = GamePickerViewController.h; sourceTree = "<group>"; };
		2DB1A2F716906F40004B27EB /* GamePickerViewController.m */ = {isa = PBXFileReference; fileEncoding = 4; lastKnownFileType = sourcecode.c.objc; path = GamePickerViewController.m; sourceTree = "<group>"; };
		2DB1A2FB16907440004B27EB /* PlayerDetailsViewController.h */ = {isa = PBXFileReference; fileEncoding = 4; lastKnownFileType = sourcecode.c.h; path = PlayerDetailsViewController.h; sourceTree = "<group>"; };
		2DB1A2FC16907440004B27EB /* PlayerDetailsViewController.m */ = {isa = PBXFileReference; fileEncoding = 4; lastKnownFileType = sourcecode.c.objc; path = PlayerDetailsViewController.m; sourceTree = "<group>"; };
		E1147A63168F492000A65531 /* importre-ratings.app */ = {isa = PBXFileReference; explicitFileType = wrapper.application; includeInIndex = 0; path = "importre-ratings.app"; sourceTree = BUILT_PRODUCTS_DIR; };
		E1147A67168F492000A65531 /* UIKit.framework */ = {isa = PBXFileReference; lastKnownFileType = wrapper.framework; name = UIKit.framework; path = System/Library/Frameworks/UIKit.framework; sourceTree = SDKROOT; };
		E1147A69168F492000A65531 /* Foundation.framework */ = {isa = PBXFileReference; lastKnownFileType = wrapper.framework; name = Foundation.framework; path = System/Library/Frameworks/Foundation.framework; sourceTree = SDKROOT; };
		E1147A6B168F492000A65531 /* CoreGraphics.framework */ = {isa = PBXFileReference; lastKnownFileType = wrapper.framework; name = CoreGraphics.framework; path = System/Library/Frameworks/CoreGraphics.framework; sourceTree = SDKROOT; };
		E1147A6F168F492000A65531 /* importre-ratings-Info.plist */ = {isa = PBXFileReference; lastKnownFileType = text.plist.xml; path = "importre-ratings-Info.plist"; sourceTree = "<group>"; };
		E1147A71168F492000A65531 /* en */ = {isa = PBXFileReference; lastKnownFileType = text.plist.strings; name = en; path = en.lproj/InfoPlist.strings; sourceTree = "<group>"; };
		E1147A73168F492000A65531 /* main.m */ = {isa = PBXFileReference; lastKnownFileType = sourcecode.c.objc; path = main.m; sourceTree = "<group>"; };
		E1147A75168F492000A65531 /* importre-ratings-Prefix.pch */ = {isa = PBXFileReference; lastKnownFileType = sourcecode.c.h; path = "importre-ratings-Prefix.pch"; sourceTree = "<group>"; };
		E1147A76168F492000A65531 /* AppDelegate.h */ = {isa = PBXFileReference; lastKnownFileType = sourcecode.c.h; path = AppDelegate.h; sourceTree = "<group>"; };
		E1147A77168F492000A65531 /* AppDelegate.m */ = {isa = PBXFileReference; lastKnownFileType = sourcecode.c.objc; path = AppDelegate.m; sourceTree = "<group>"; };
		E1147A79168F492000A65531 /* Default.png */ = {isa = PBXFileReference; lastKnownFileType = image.png; path = Default.png; sourceTree = "<group>"; };
		E1147A7B168F492000A65531 /* Default@2x.png */ = {isa = PBXFileReference; lastKnownFileType = image.png; path = "Default@2x.png"; sourceTree = "<group>"; };
		E1147A7D168F492000A65531 /* Default-568h@2x.png */ = {isa = PBXFileReference; lastKnownFileType = image.png; path = "Default-568h@2x.png"; sourceTree = "<group>"; };
		E1147A80168F492000A65531 /* en */ = {isa = PBXFileReference; lastKnownFileType = file.storyboard; name = en; path = en.lproj/MainStoryboard.storyboard; sourceTree = "<group>"; };
		E1147A82168F492000A65531 /* ViewController.h */ = {isa = PBXFileReference; lastKnownFileType = sourcecode.c.h; path = ViewController.h; sourceTree = "<group>"; };
		E1147A83168F492000A65531 /* ViewController.m */ = {isa = PBXFileReference; lastKnownFileType = sourcecode.c.objc; path = ViewController.m; sourceTree = "<group>"; };
		E1F27DB9168F4E8E008FB036 /* 1Star.png */ = {isa = PBXFileReference; lastKnownFileType = image.png; path = 1Star.png; sourceTree = "<group>"; };
		E1F27DBA168F4E8E008FB036 /* 1Star@2x.png */ = {isa = PBXFileReference; lastKnownFileType = image.png; path = "1Star@2x.png"; sourceTree = "<group>"; };
		E1F27DBB168F4E8E008FB036 /* 1StarSmall.png */ = {isa = PBXFileReference; lastKnownFileType = image.png; path = 1StarSmall.png; sourceTree = "<group>"; };
		E1F27DBC168F4E8E008FB036 /* 1StarSmall@2x.png */ = {isa = PBXFileReference; lastKnownFileType = image.png; path = "1StarSmall@2x.png"; sourceTree = "<group>"; };
		E1F27DBD168F4E8E008FB036 /* 2Stars.png */ = {isa = PBXFileReference; lastKnownFileType = image.png; path = 2Stars.png; sourceTree = "<group>"; };
		E1F27DBE168F4E8E008FB036 /* 2Stars@2x.png */ = {isa = PBXFileReference; lastKnownFileType = image.png; path = "2Stars@2x.png"; sourceTree = "<group>"; };
		E1F27DBF168F4E8E008FB036 /* 2StarsSmall.png */ = {isa = PBXFileReference; lastKnownFileType = image.png; path = 2StarsSmall.png; sourceTree = "<group>"; };
		E1F27DC0168F4E8E008FB036 /* 2StarsSmall@2x.png */ = {isa = PBXFileReference; lastKnownFileType = image.png; path = "2StarsSmall@2x.png"; sourceTree = "<group>"; };
		E1F27DC1168F4E8E008FB036 /* 3Stars.png */ = {isa = PBXFileReference; lastKnownFileType = image.png; path = 3Stars.png; sourceTree = "<group>"; };
		E1F27DC2168F4E8E008FB036 /* 3Stars@2x.png */ = {isa = PBXFileReference; lastKnownFileType = image.png; path = "3Stars@2x.png"; sourceTree = "<group>"; };
		E1F27DC3168F4E8E008FB036 /* 3StarsSmall.png */ = {isa = PBXFileReference; lastKnownFileType = image.png; path = 3StarsSmall.png; sourceTree = "<group>"; };
		E1F27DC4168F4E8E008FB036 /* 3StarsSmall@2x.png */ = {isa = PBXFileReference; lastKnownFileType = image.png; path = "3StarsSmall@2x.png"; sourceTree = "<group>"; };
		E1F27DC5168F4E8E008FB036 /* 4Stars.png */ = {isa = PBXFileReference; lastKnownFileType = image.png; path = 4Stars.png; sourceTree = "<group>"; };
		E1F27DC6168F4E8E008FB036 /* 4Stars@2x.png */ = {isa = PBXFileReference; lastKnownFileType = image.png; path = "4Stars@2x.png"; sourceTree = "<group>"; };
		E1F27DC7168F4E8E008FB036 /* 4StarsSmall.png */ = {isa = PBXFileReference; lastKnownFileType = image.png; path = 4StarsSmall.png; sourceTree = "<group>"; };
		E1F27DC8168F4E8E008FB036 /* 4StarsSmall@2x.png */ = {isa = PBXFileReference; lastKnownFileType = image.png; path = "4StarsSmall@2x.png"; sourceTree = "<group>"; };
		E1F27DC9168F4E8E008FB036 /* 5Stars.png */ = {isa = PBXFileReference; lastKnownFileType = image.png; path = 5Stars.png; sourceTree = "<group>"; };
		E1F27DCA168F4E8E008FB036 /* 5Stars@2x.png */ = {isa = PBXFileReference; lastKnownFileType = image.png; path = "5Stars@2x.png"; sourceTree = "<group>"; };
		E1F27DCB168F4E8E008FB036 /* 5StarsSmall.png */ = {isa = PBXFileReference; lastKnownFileType = image.png; path = 5StarsSmall.png; sourceTree = "<group>"; };
		E1F27DCC168F4E8E008FB036 /* 5StarsSmall@2x.png */ = {isa = PBXFileReference; lastKnownFileType = image.png; path = "5StarsSmall@2x.png"; sourceTree = "<group>"; };
		E1F27DCD168F4E8E008FB036 /* Gestures.png */ = {isa = PBXFileReference; lastKnownFileType = image.png; path = Gestures.png; sourceTree = "<group>"; };
		E1F27DCE168F4E8E008FB036 /* Gestures@2x.png */ = {isa = PBXFileReference; lastKnownFileType = image.png; path = "Gestures@2x.png"; sourceTree = "<group>"; };
		E1F27DCF168F4E8E008FB036 /* Players.png */ = {isa = PBXFileReference; lastKnownFileType = image.png; path = Players.png; sourceTree = "<group>"; };
		E1F27DD0168F4E8E008FB036 /* Players@2x.png */ = {isa = PBXFileReference; lastKnownFileType = image.png; path = "Players@2x.png"; sourceTree = "<group>"; };
		E1F27DEA168F5196008FB036 /* PlayersViewController.h */ = {isa = PBXFileReference; fileEncoding = 4; lastKnownFileType = sourcecode.c.h; path = PlayersViewController.h; sourceTree = "<group>"; };
		E1F27DEB168F5196008FB036 /* PlayersViewController.m */ = {isa = PBXFileReference; fileEncoding = 4; lastKnownFileType = sourcecode.c.objc; path = PlayersViewController.m; sourceTree = "<group>"; };
		E1F27DED168F5264008FB036 /* Player.h */ = {isa = PBXFileReference; fileEncoding = 4; lastKnownFileType = sourcecode.c.h; path = Player.h; sourceTree = "<group>"; };
		E1F27DEE168F5264008FB036 /* Player.m */ = {isa = PBXFileReference; fileEncoding = 4; lastKnownFileType = sourcecode.c.objc; path = Player.m; sourceTree = "<group>"; };
/* End PBXFileReference section */

/* Begin PBXFrameworksBuildPhase section */
		E1147A60168F492000A65531 /* Frameworks */ = {
			isa = PBXFrameworksBuildPhase;
			buildActionMask = 2147483647;
			files = (
				E1147A68168F492000A65531 /* UIKit.framework in Frameworks */,
				E1147A6A168F492000A65531 /* Foundation.framework in Frameworks */,
				E1147A6C168F492000A65531 /* CoreGraphics.framework in Frameworks */,
			);
			runOnlyForDeploymentPostprocessing = 0;
		};
/* End PBXFrameworksBuildPhase section */

/* Begin PBXGroup section */
		E1147A58168F492000A65531 = {
			isa = PBXGroup;
			children = (
				E1F27DB8168F4E8E008FB036 /* Images */,
				E1147A6D168F492000A65531 /* importre-ratings */,
				E1147A66168F492000A65531 /* Frameworks */,
				E1147A64168F492000A65531 /* Products */,
			);
			sourceTree = "<group>";
		};
		E1147A64168F492000A65531 /* Products */ = {
			isa = PBXGroup;
			children = (
				E1147A63168F492000A65531 /* importre-ratings.app */,
			);
			name = Products;
			sourceTree = "<group>";
		};
		E1147A66168F492000A65531 /* Frameworks */ = {
			isa = PBXGroup;
			children = (
				E1147A67168F492000A65531 /* UIKit.framework */,
				E1147A69168F492000A65531 /* Foundation.framework */,
				E1147A6B168F492000A65531 /* CoreGraphics.framework */,
			);
			name = Frameworks;
			sourceTree = "<group>";
		};
		E1147A6D168F492000A65531 /* importre-ratings */ = {
			isa = PBXGroup;
			children = (
				2DB1A2FB16907440004B27EB /* PlayerDetailsViewController.h */,
				2DB1A2FC16907440004B27EB /* PlayerDetailsViewController.m */,
				2D66EEE4168F610400A760BE /* PlayerCell.h */,
				2D66EEE5168F610400A760BE /* PlayerCell.m */,
				E1F27DEA168F5196008FB036 /* PlayersViewController.h */,
				E1F27DEB168F5196008FB036 /* PlayersViewController.m */,
				E1F27DED168F5264008FB036 /* Player.h */,
				E1F27DEE168F5264008FB036 /* Player.m */,
				E1147A76168F492000A65531 /* AppDelegate.h */,
				E1147A77168F492000A65531 /* AppDelegate.m */,
				E1147A7F168F492000A65531 /* MainStoryboard.storyboard */,
				E1147A82168F492000A65531 /* ViewController.h */,
				E1147A83168F492000A65531 /* ViewController.m */,
				2DB1A2F616906F40004B27EB /* GamePickerViewController.h */,
				2DB1A2F716906F40004B27EB /* GamePickerViewController.m */,
				E1147A6E168F492000A65531 /* Supporting Files */,
			);
			path = "importre-ratings";
			sourceTree = "<group>";
		};
		E1147A6E168F492000A65531 /* Supporting Files */ = {
			isa = PBXGroup;
			children = (
				E1147A6F168F492000A65531 /* importre-ratings-Info.plist */,
				E1147A70168F492000A65531 /* InfoPlist.strings */,
				E1147A73168F492000A65531 /* main.m */,
				E1147A75168F492000A65531 /* importre-ratings-Prefix.pch */,
				E1147A79168F492000A65531 /* Default.png */,
				E1147A7B168F492000A65531 /* Default@2x.png */,
				E1147A7D168F492000A65531 /* Default-568h@2x.png */,
			);
			name = "Supporting Files";
			sourceTree = "<group>";
		};
		E1F27DB8168F4E8E008FB036 /* Images */ = {
			isa = PBXGroup;
			children = (
				E1F27DB9168F4E8E008FB036 /* 1Star.png */,
				E1F27DBA168F4E8E008FB036 /* 1Star@2x.png */,
				E1F27DBB168F4E8E008FB036 /* 1StarSmall.png */,
				E1F27DBC168F4E8E008FB036 /* 1StarSmall@2x.png */,
				E1F27DBD168F4E8E008FB036 /* 2Stars.png */,
				E1F27DBE168F4E8E008FB036 /* 2Stars@2x.png */,
				E1F27DBF168F4E8E008FB036 /* 2StarsSmall.png */,
				E1F27DC0168F4E8E008FB036 /* 2StarsSmall@2x.png */,
				E1F27DC1168F4E8E008FB036 /* 3Stars.png */,
				E1F27DC2168F4E8E008FB036 /* 3Stars@2x.png */,
				E1F27DC3168F4E8E008FB036 /* 3StarsSmall.png */,
				E1F27DC4168F4E8E008FB036 /* 3StarsSmall@2x.png */,
				E1F27DC5168F4E8E008FB036 /* 4Stars.png */,
				E1F27DC6168F4E8E008FB036 /* 4Stars@2x.png */,
				E1F27DC7168F4E8E008FB036 /* 4StarsSmall.png */,
				E1F27DC8168F4E8E008FB036 /* 4StarsSmall@2x.png */,
				E1F27DC9168F4E8E008FB036 /* 5Stars.png */,
				E1F27DCA168F4E8E008FB036 /* 5Stars@2x.png */,
				E1F27DCB168F4E8E008FB036 /* 5StarsSmall.png */,
				E1F27DCC168F4E8E008FB036 /* 5StarsSmall@2x.png */,
				E1F27DCD168F4E8E008FB036 /* Gestures.png */,
				E1F27DCE168F4E8E008FB036 /* Gestures@2x.png */,
				E1F27DCF168F4E8E008FB036 /* Players.png */,
				E1F27DD0168F4E8E008FB036 /* Players@2x.png */,
			);
			path = Images;
			sourceTree = "<group>";
		};
/* End PBXGroup section */

/* Begin PBXNativeTarget section */
		E1147A62168F492000A65531 /* importre-ratings */ = {
			isa = PBXNativeTarget;
			buildConfigurationList = E1147A87168F492000A65531 /* Build configuration list for PBXNativeTarget "importre-ratings" */;
			buildPhases = (
				E1147A5F168F492000A65531 /* Sources */,
				E1147A60168F492000A65531 /* Frameworks */,
				E1147A61168F492000A65531 /* Resources */,
			);
			buildRules = (
			);
			dependencies = (
			);
			name = "importre-ratings";
			productName = "importre-ratings";
			productReference = E1147A63168F492000A65531 /* importre-ratings.app */;
			productType = "com.apple.product-type.application";
		};
/* End PBXNativeTarget section */

/* Begin PBXProject section */
		E1147A5A168F492000A65531 /* Project object */ = {
			isa = PBXProject;
			attributes = {
				LastUpgradeCheck = 0450;
				ORGANIZATIONNAME = AhnLab;
			};
			buildConfigurationList = E1147A5D168F492000A65531 /* Build configuration list for PBXProject "importre-ratings" */;
			compatibilityVersion = "Xcode 3.2";
			developmentRegion = English;
			hasScannedForEncodings = 0;
			knownRegions = (
				en,
			);
			mainGroup = E1147A58168F492000A65531;
			productRefGroup = E1147A64168F492000A65531 /* Products */;
			projectDirPath = "";
			projectRoot = "";
			targets = (
				E1147A62168F492000A65531 /* importre-ratings */,
			);
		};
/* End PBXProject section */

/* Begin PBXResourcesBuildPhase section */
		E1147A61168F492000A65531 /* Resources */ = {
			isa = PBXResourcesBuildPhase;
			buildActionMask = 2147483647;
			files = (
				E1147A72168F492000A65531 /* InfoPlist.strings in Resources */,
				E1147A7A168F492000A65531 /* Default.png in Resources */,
				E1147A7C168F492000A65531 /* Default@2x.png in Resources */,
				E1147A7E168F492000A65531 /* Default-568h@2x.png in Resources */,
				E1147A81168F492000A65531 /* MainStoryboard.storyboard in Resources */,
				E1F27DD1168F4E8E008FB036 /* 1Star.png in Resources */,
				E1F27DD2168F4E8E008FB036 /* 1Star@2x.png in Resources */,
				E1F27DD3168F4E8E008FB036 /* 1StarSmall.png in Resources */,
				E1F27DD4168F4E8E008FB036 /* 1StarSmall@2x.png in Resources */,
				E1F27DD5168F4E8E008FB036 /* 2Stars.png in Resources */,
				E1F27DD6168F4E8E008FB036 /* 2Stars@2x.png in Resources */,
				E1F27DD7168F4E8E008FB036 /* 2StarsSmall.png in Resources */,
				E1F27DD8168F4E8E008FB036 /* 2StarsSmall@2x.png in Resources */,
				E1F27DD9168F4E8E008FB036 /* 3Stars.png in Resources */,
				E1F27DDA168F4E8E008FB036 /* 3Stars@2x.png in Resources */,
				E1F27DDB168F4E8E008FB036 /* 3StarsSmall.png in Resources */,
				E1F27DDC168F4E8E008FB036 /* 3StarsSmall@2x.png in Resources */,
				E1F27DDD168F4E8E008FB036 /* 4Stars.png in Resources */,
				E1F27DDE168F4E8E008FB036 /* 4Stars@2x.png in Resources */,
				E1F27DDF168F4E8E008FB036 /* 4StarsSmall.png in Resources */,
				E1F27DE0168F4E8E008FB036 /* 4StarsSmall@2x.png in Resources */,
				E1F27DE1168F4E8E008FB036 /* 5Stars.png in Resources */,
				E1F27DE2168F4E8E008FB036 /* 5Stars@2x.png in Resources */,
				E1F27DE3168F4E8E008FB036 /* 5StarsSmall.png in Resources */,
				E1F27DE4168F4E8E008FB036 /* 5StarsSmall@2x.png in Resources */,
				E1F27DE5168F4E8E008FB036 /* Gestures.png in Resources */,
				E1F27DE6168F4E8E008FB036 /* Gestures@2x.png in Resources */,
				E1F27DE7168F4E8E008FB036 /* Players.png in Resources */,
				E1F27DE8168F4E8E008FB036 /* Players@2x.png in Resources */,
			);
			runOnlyForDeploymentPostprocessing = 0;
		};
/* End PBXResourcesBuildPhase section */

/* Begin PBXSourcesBuildPhase section */
		E1147A5F168F492000A65531 /* Sources */ = {
			isa = PBXSourcesBuildPhase;
			buildActionMask = 2147483647;
			files = (
				E1147A74168F492000A65531 /* main.m in Sources */,
				E1147A78168F492000A65531 /* AppDelegate.m in Sources */,
				E1147A84168F492000A65531 /* ViewController.m in Sources */,
				E1F27DEC168F5196008FB036 /* PlayersViewController.m in Sources */,
				E1F27DEF168F5264008FB036 /* Player.m in Sources */,
				2D66EEE6168F610400A760BE /* PlayerCell.m in Sources */,
				2DB1A2F816906F40004B27EB /* GamePickerViewController.m in Sources */,
				2DB1A2FD16907440004B27EB /* PlayerDetailsViewController.m in Sources */,
			);
			runOnlyForDeploymentPostprocessing = 0;
		};
/* End PBXSourcesBuildPhase section */

/* Begin PBXVariantGroup section */
		E1147A70168F492000A65531 /* InfoPlist.strings */ = {
			isa = PBXVariantGroup;
			children = (
				E1147A71168F492000A65531 /* en */,
			);
			name = InfoPlist.strings;
			sourceTree = "<group>";
		};
		E1147A7F168F492000A65531 /* MainStoryboard.storyboard */ = {
			isa = PBXVariantGroup;
			children = (
				E1147A80168F492000A65531 /* en */,
			);
			name = MainStoryboard.storyboard;
			sourceTree = "<group>";
		};
/* End PBXVariantGroup section */

/* Begin XCBuildConfiguration section */
		E1147A85168F492000A65531 /* Debug */ = {
			isa = XCBuildConfiguration;
			buildSettings = {
				ALWAYS_SEARCH_USER_PATHS = NO;
				CLANG_CXX_LANGUAGE_STANDARD = "gnu++0x";
				CLANG_CXX_LIBRARY = "libc++";
				CLANG_ENABLE_OBJC_ARC = YES;
				CLANG_WARN_EMPTY_BODY = YES;
				CLANG_WARN__DUPLICATE_METHOD_MATCH = YES;
				"CODE_SIGN_IDENTITY[sdk=iphoneos*]" = "iPhone Developer";
				COPY_PHASE_STRIP = NO;
				GCC_C_LANGUAGE_STANDARD = gnu99;
				GCC_DYNAMIC_NO_PIC = NO;
				GCC_OPTIMIZATION_LEVEL = 0;
				GCC_PREPROCESSOR_DEFINITIONS = (
					"DEBUG=1",
					"$(inherited)",
				);
				GCC_SYMBOLS_PRIVATE_EXTERN = NO;
				GCC_WARN_ABOUT_RETURN_TYPE = YES;
				GCC_WARN_UNINITIALIZED_AUTOS = YES;
				GCC_WARN_UNUSED_VARIABLE = YES;
				IPHONEOS_DEPLOYMENT_TARGET = 6.0;
				ONLY_ACTIVE_ARCH = YES;
				SDKROOT = iphoneos;
			};
			name = Debug;
		};
		E1147A86168F492000A65531 /* Release */ = {
			isa = XCBuildConfiguration;
			buildSettings = {
				ALWAYS_SEARCH_USER_PATHS = NO;
				CLANG_CXX_LANGUAGE_STANDARD = "gnu++0x";
				CLANG_CXX_LIBRARY = "libc++";
				CLANG_ENABLE_OBJC_ARC = YES;
				CLANG_WARN_EMPTY_BODY = YES;
				CLANG_WARN__DUPLICATE_METHOD_MATCH = YES;
				"CODE_SIGN_IDENTITY[sdk=iphoneos*]" = "iPhone Developer";
				COPY_PHASE_STRIP = YES;
				GCC_C_LANGUAGE_STANDARD = gnu99;
				GCC_WARN_ABOUT_RETURN_TYPE = YES;
				GCC_WARN_UNINITIALIZED_AUTOS = YES;
				GCC_WARN_UNUSED_VARIABLE = YES;
				IPHONEOS_DEPLOYMENT_TARGET = 6.0;
				OTHER_CFLAGS = "-DNS_BLOCK_ASSERTIONS=1";
				SDKROOT = iphoneos;
				VALIDATE_PRODUCT = YES;
			};
			name = Release;
		};
		E1147A88168F492000A65531 /* Debug */ = {
			isa = XCBuildConfiguration;
			buildSettings = {
				GCC_PRECOMPILE_PREFIX_HEADER = YES;
				GCC_PREFIX_HEADER = "importre-ratings/importre-ratings-Prefix.pch";
				INFOPLIST_FILE = "importre-ratings/importre-ratings-Info.plist";
				PRODUCT_NAME = "$(TARGET_NAME)";
				WRAPPER_EXTENSION = app;
			};
			name = Debug;
		};
		E1147A89168F492000A65531 /* Release */ = {
			isa = XCBuildConfiguration;
			buildSettings = {
				GCC_PRECOMPILE_PREFIX_HEADER = YES;
				GCC_PREFIX_HEADER = "importre-ratings/importre-ratings-Prefix.pch";
				INFOPLIST_FILE = "importre-ratings/importre-ratings-Info.plist";
				PRODUCT_NAME = "$(TARGET_NAME)";
				WRAPPER_EXTENSION = app;
			};
			name = Release;
		};
/* End XCBuildConfiguration section */

/* Begin XCConfigurationList section */
		E1147A5D168F492000A65531 /* Build configuration list for PBXProject "importre-ratings" */ = {
			isa = XCConfigurationList;
			buildConfigurations = (
				E1147A85168F492000A65531 /* Debug */,
				E1147A86168F492000A65531 /* Release */,
			);
			defaultConfigurationIsVisible = 0;
			defaultConfigurationName = Release;
		};
		E1147A87168F492000A65531 /* Build configuration list for PBXNativeTarget "importre-ratings" */ = {
			isa = XCConfigurationList;
			buildConfigurations = (
				E1147A88168F492000A65531 /* Debug */,
				E1147A89168F492000A65531 /* Release */,
			);
			defaultConfigurationIsVisible = 0;
			defaultConfigurationName = Release;
		};
/* End XCConfigurationList section */
	};
	rootObject = E1147A5A168F492000A65531 /* Project object */;
}
