// !$*UTF8*$!
{
	archiveVersion = 1;
	classes = {
	};
	objectVersion = 46;
	objects = {

/* Begin PBXBuildFile section */
		5CDA6AE3166DBCC500F9533E /* UIKit.framework in Frameworks */ = {isa = PBXBuildFile; fileRef = 5CDA6AE2166DBCC500F9533E /* UIKit.framework */; };
		5CDA6AE5166DBCC500F9533E /* Foundation.framework in Frameworks */ = {isa = PBXBuildFile; fileRef = 5CDA6AE4166DBCC500F9533E /* Foundation.framework */; };
		5CDA6AE7166DBCC500F9533E /* CoreGraphics.framework in Frameworks */ = {isa = PBXBuildFile; fileRef = 5CDA6AE6166DBCC500F9533E /* CoreGraphics.framework */; };
		5CDA6AED166DBCC500F9533E /* InfoPlist.strings in Resources */ = {isa = PBXBuildFile; fileRef = 5CDA6AEB166DBCC500F9533E /* InfoPlist.strings */; };
		5CDA6AEF166DBCC500F9533E /* main.m in Sources */ = {isa = PBXBuildFile; fileRef = 5CDA6AEE166DBCC500F9533E /* main.m */; };
		5CDA6AF3166DBCC500F9533E /* AppDelegate.m in Sources */ = {isa = PBXBuildFile; fileRef = 5CDA6AF2166DBCC500F9533E /* AppDelegate.m */; };
		5CDA6AF6166DBCC500F9533E /* ViewController.m in Sources */ = {isa = PBXBuildFile; fileRef = 5CDA6AF5166DBCC500F9533E /* ViewController.m */; };
		5CDA6AF9166DBCC500F9533E /* ViewController.xib in Resources */ = {isa = PBXBuildFile; fileRef = 5CDA6AF7166DBCC500F9533E /* ViewController.xib */; };
/* End PBXBuildFile section */

/* Begin PBXFileReference section */
		5CDA6ADE166DBCC500F9533E /* navit.app */ = {isa = PBXFileReference; explicitFileType = wrapper.application; includeInIndex = 0; path = navit.app; sourceTree = BUILT_PRODUCTS_DIR; };
		5CDA6AE2166DBCC500F9533E /* UIKit.framework */ = {isa = PBXFileReference; lastKnownFileType = wrapper.framework; name = UIKit.framework; path = System/Library/Frameworks/UIKit.framework; sourceTree = SDKROOT; };
		5CDA6AE4166DBCC500F9533E /* Foundation.framework */ = {isa = PBXFileReference; lastKnownFileType = wrapper.framework; name = Foundation.framework; path = System/Library/Frameworks/Foundation.framework; sourceTree = SDKROOT; };
		5CDA6AE6166DBCC500F9533E /* CoreGraphics.framework */ = {isa = PBXFileReference; lastKnownFileType = wrapper.framework; name = CoreGraphics.framework; path = System/Library/Frameworks/CoreGraphics.framework; sourceTree = SDKROOT; };
		5CDA6AEA166DBCC500F9533E /* navit-Info.plist */ = {isa = PBXFileReference; path = "navit-Info.plist"; sourceTree = "<group>"; };
		5CDA6AEC166DBCC500F9533E /* en */ = {isa = PBXFileReference; lastKnownFileType = text.plist.strings; name = en; path = en.lproj/InfoPlist.strings; sourceTree = "<group>"; };
		5CDA6AEE166DBCC500F9533E /* main.m */ = {isa = PBXFileReference; lastKnownFileType = sourcecode.c.objc; path = main.m; sourceTree = "<group>"; };
		5CDA6AF0166DBCC500F9533E /* navit-Prefix.pch */ = {isa = PBXFileReference; path = "navit-Prefix.pch"; sourceTree = "<group>"; };
		5CDA6AF1166DBCC500F9533E /* AppDelegate.h */ = {isa = PBXFileReference; path = AppDelegate.h; sourceTree = "<group>"; };
		5CDA6AF2166DBCC500F9533E /* AppDelegate.m */ = {isa = PBXFileReference; lastKnownFileType = sourcecode.c.objc; path = AppDelegate.m; sourceTree = "<group>"; };
		5CDA6AF4166DBCC500F9533E /* ViewController.h */ = {isa = PBXFileReference; path = ViewController.h; sourceTree = "<group>"; };
		5CDA6AF5166DBCC500F9533E /* ViewController.m */ = {isa = PBXFileReference; lastKnownFileType = sourcecode.c.objc; path = ViewController.m; sourceTree = "<group>"; };
		5CDA6AF8166DBCC500F9533E /* en */ = {isa = PBXFileReference; lastKnownFileType = file.xib; name = en; path = en.lproj/ViewController.xib; sourceTree = "<group>"; };
/* End PBXFileReference section */

/* Begin PBXFrameworksBuildPhase section */
		5CDA6ADB166DBCC500F9533E /* Frameworks */ = {
			isa = PBXFrameworksBuildPhase;
			buildActionMask = 2147483647;
			files = (
				5CDA6AE3166DBCC500F9533E /* UIKit.framework in Frameworks */,
				5CDA6AE5166DBCC500F9533E /* Foundation.framework in Frameworks */,
				5CDA6AE7166DBCC500F9533E /* CoreGraphics.framework in Frameworks */,
			);
			runOnlyForDeploymentPostprocessing = 0;
		};
/* End PBXFrameworksBuildPhase section */

/* Begin PBXGroup section */
		5CDA6AD3166DBCC500F9533E = {
			isa = PBXGroup;
			children = (
				5CDA6AE8166DBCC500F9533E /* navit */,
				5CDA6AE1166DBCC500F9533E /* Frameworks */,
				5CDA6ADF166DBCC500F9533E /* Products */,
			);
			sourceTree = "<group>";
		};
		5CDA6ADF166DBCC500F9533E /* Products */ = {
			isa = PBXGroup;
			children = (
				5CDA6ADE166DBCC500F9533E /* navit.app */,
			);
			name = Products;
			sourceTree = "<group>";
		};
		5CDA6AE1166DBCC500F9533E /* Frameworks */ = {
			isa = PBXGroup;
			children = (
				5CDA6AE2166DBCC500F9533E /* UIKit.framework */,
				5CDA6AE4166DBCC500F9533E /* Foundation.framework */,
				5CDA6AE6166DBCC500F9533E /* CoreGraphics.framework */,
			);
			name = Frameworks;
			sourceTree = "<group>";
		};
		5CDA6AE8166DBCC500F9533E /* navit */ = {
			isa = PBXGroup;
			children = (
				5CDA6AF1166DBCC500F9533E /* AppDelegate.h */,
				5CDA6AF2166DBCC500F9533E /* AppDelegate.m */,
				5CDA6AF4166DBCC500F9533E /* ViewController.h */,
				5CDA6AF5166DBCC500F9533E /* ViewController.m */,
				5CDA6AF7166DBCC500F9533E /* ViewController.xib */,
				5CDA6AE9166DBCC500F9533E /* Supporting Files */,
			);
			path = navit;
			sourceTree = "<group>";
		};
		5CDA6AE9166DBCC500F9533E /* Supporting Files */ = {
			isa = PBXGroup;
			children = (
				5CDA6AEA166DBCC500F9533E /* navit-Info.plist */,
				5CDA6AEB166DBCC500F9533E /* InfoPlist.strings */,
				5CDA6AEE166DBCC500F9533E /* main.m */,
				5CDA6AF0166DBCC500F9533E /* navit-Prefix.pch */,
			);
			name = "Supporting Files";
			sourceTree = "<group>";
		};
/* End PBXGroup section */

/* Begin PBXNativeTarget section */
		5CDA6ADD166DBCC500F9533E /* navit */ = {
			isa = PBXNativeTarget;
			buildConfigurationList = 5CDA6AFC166DBCC500F9533E /* Build configuration list for PBXNativeTarget "navit" */;
			buildPhases = (
				5CDA6ADA166DBCC500F9533E /* Sources */,
				5CDA6ADB166DBCC500F9533E /* Frameworks */,
				5CDA6ADC166DBCC500F9533E /* Resources */,
			);
			buildRules = (
			);
			dependencies = (
			);
			name = navit;
			productName = navit;
			productReference = 5CDA6ADE166DBCC500F9533E /* navit.app */;
			productType = "com.apple.product-type.application";
		};
/* End PBXNativeTarget section */

/* Begin PBXProject section */
		5CDA6AD5166DBCC500F9533E /* Project object */ = {
			isa = PBXProject;
			attributes = {
				LastUpgradeCheck = 0420;
				ORGANIZATIONNAME = AhnLab;
			};
			buildConfigurationList = 5CDA6AD8166DBCC500F9533E /* Build configuration list for PBXProject "navit" */;
			compatibilityVersion = "Xcode 3.2";
			developmentRegion = English;
			hasScannedForEncodings = 0;
			knownRegions = (
				en,
			);
			mainGroup = 5CDA6AD3166DBCC500F9533E;
			productRefGroup = 5CDA6ADF166DBCC500F9533E /* Products */;
			projectDirPath = "";
			projectRoot = "";
			targets = (
				5CDA6ADD166DBCC500F9533E /* navit */,
			);
		};
/* End PBXProject section */

/* Begin PBXResourcesBuildPhase section */
		5CDA6ADC166DBCC500F9533E /* Resources */ = {
			isa = PBXResourcesBuildPhase;
			buildActionMask = 2147483647;
			files = (
				5CDA6AED166DBCC500F9533E /* InfoPlist.strings in Resources */,
				5CDA6AF9166DBCC500F9533E /* ViewController.xib in Resources */,
			);
			runOnlyForDeploymentPostprocessing = 0;
		};
/* End PBXResourcesBuildPhase section */

/* Begin PBXSourcesBuildPhase section */
		5CDA6ADA166DBCC500F9533E /* Sources */ = {
			isa = PBXSourcesBuildPhase;
			buildActionMask = 2147483647;
			files = (
				5CDA6AEF166DBCC500F9533E /* main.m in Sources */,
				5CDA6AF3166DBCC500F9533E /* AppDelegate.m in Sources */,
				5CDA6AF6166DBCC500F9533E /* ViewController.m in Sources */,
			);
			runOnlyForDeploymentPostprocessing = 0;
		};
/* End PBXSourcesBuildPhase section */

/* Begin PBXVariantGroup section */
		5CDA6AEB166DBCC500F9533E /* InfoPlist.strings */ = {
			isa = PBXVariantGroup;
			children = (
				5CDA6AEC166DBCC500F9533E /* en */,
			);
			name = InfoPlist.strings;
			sourceTree = "<group>";
		};
		5CDA6AF7166DBCC500F9533E /* ViewController.xib */ = {
			isa = PBXVariantGroup;
			children = (
				5CDA6AF8166DBCC500F9533E /* en */,
			);
			name = ViewController.xib;
			sourceTree = "<group>";
		};
/* End PBXVariantGroup section */

/* Begin XCBuildConfiguration section */
		5CDA6AFA166DBCC500F9533E /* Debug */ = {
			isa = XCBuildConfiguration;
			buildSettings = {
				ALWAYS_SEARCH_USER_PATHS = NO;
				ARCHS = "$(ARCHS_STANDARD_32_BIT)";
				CLANG_ENABLE_OBJC_ARC = YES;
				"CODE_SIGN_IDENTITY[sdk=iphoneos*]" = "iPhone Developer";
				COPY_PHASE_STRIP = NO;
				GCC_C_LANGUAGE_STANDARD = gnu99;
				GCC_DYNAMIC_NO_PIC = NO;
				GCC_OPTIMIZATION_LEVEL = 0;
				GCC_PREPROCESSOR_DEFINITIONS = (
					"DEBUG=1",
					"$(inherited)",
				);
				GCC_SYMBOLS_PRIVATE_EXTERN = NO;
				GCC_VERSION = com.apple.compilers.llvm.clang.1_0;
				GCC_WARN_ABOUT_MISSING_PROTOTYPES = YES;
				GCC_WARN_ABOUT_RETURN_TYPE = YES;
				GCC_WARN_UNUSED_VARIABLE = YES;
				IPHONEOS_DEPLOYMENT_TARGET = 5.1;
				SDKROOT = iphoneos;
			};
			name = Debug;
		};
		5CDA6AFB166DBCC500F9533E /* Release */ = {
			isa = XCBuildConfiguration;
			buildSettings = {
				ALWAYS_SEARCH_USER_PATHS = NO;
				ARCHS = "$(ARCHS_STANDARD_32_BIT)";
				CLANG_ENABLE_OBJC_ARC = YES;
				"CODE_SIGN_IDENTITY[sdk=iphoneos*]" = "iPhone Developer";
				COPY_PHASE_STRIP = YES;
				GCC_C_LANGUAGE_STANDARD = gnu99;
				GCC_VERSION = com.apple.compilers.llvm.clang.1_0;
				GCC_WARN_ABOUT_MISSING_PROTOTYPES = YES;
				GCC_WARN_ABOUT_RETURN_TYPE = YES;
				GCC_WARN_UNUSED_VARIABLE = YES;
				IPHONEOS_DEPLOYMENT_TARGET = 5.1;
				OTHER_CFLAGS = "-DNS_BLOCK_ASSERTIONS=1";
				SDKROOT = iphoneos;
				VALIDATE_PRODUCT = YES;
			};
			name = Release;
		};
		5CDA6AFD166DBCC500F9533E /* Debug */ = {
			isa = XCBuildConfiguration;
			buildSettings = {
				GCC_PRECOMPILE_PREFIX_HEADER = YES;
				GCC_PREFIX_HEADER = "navit/navit-Prefix.pch";
				INFOPLIST_FILE = "navit/navit-Info.plist";
				PRODUCT_NAME = "$(TARGET_NAME)";
				WRAPPER_EXTENSION = app;
			};
			name = Debug;
		};
		5CDA6AFE166DBCC500F9533E /* Release */ = {
			isa = XCBuildConfiguration;
			buildSettings = {
				GCC_PRECOMPILE_PREFIX_HEADER = YES;
				GCC_PREFIX_HEADER = "navit/navit-Prefix.pch";
				INFOPLIST_FILE = "navit/navit-Info.plist";
				PRODUCT_NAME = "$(TARGET_NAME)";
				WRAPPER_EXTENSION = app;
			};
			name = Release;
		};
/* End XCBuildConfiguration section */

/* Begin XCConfigurationList section */
		5CDA6AD8166DBCC500F9533E /* Build configuration list for PBXProject "navit" */ = {
			isa = XCConfigurationList;
			buildConfigurations = (
				5CDA6AFA166DBCC500F9533E /* Debug */,
				5CDA6AFB166DBCC500F9533E /* Release */,
			);
			defaultConfigurationIsVisible = 0;
			defaultConfigurationName = Release;
		};
		5CDA6AFC166DBCC500F9533E /* Build configuration list for PBXNativeTarget "navit" */ = {
			isa = XCConfigurationList;
			buildConfigurations = (
				5CDA6AFD166DBCC500F9533E /* Debug */,
				5CDA6AFE166DBCC500F9533E /* Release */,
			);
			defaultConfigurationIsVisible = 0;
		};
/* End XCConfigurationList section */
	};
	rootObject = 5CDA6AD5166DBCC500F9533E /* Project object */;
}
